lockfileVersion: '9.0'

settings:
  autoInstallPeers: true
  excludeLinksFromLockfile: false

importers:

  .: {}

  packages/sdk:
    dependencies:
      '@nanostores/persistent':
        specifier: ^1.0.0
        version: 1.2.0(nanostores@1.0.1)
      nanostores:
        specifier: ^1.0.1
        version: 1.0.1
    devDependencies:
      typescript:
        specifier: ^5.8.3
        version: 5.9.3

packages:

  '@nanostores/persistent@1.2.0':
    resolution: {integrity: sha512-kf5WOLpVI9Pk+AwXHIax4in3pesNe8299BEGQ2H8kgI05SZw7KKWCDv7bt2FOlND8E5y7rO5PRW34q0UCAl/DA==}
    engines: {node: ^20.0.0 || >=22.0.0}
    peerDependencies:
      nanostores: ^0.9.0 || ^0.10.0 || ^0.11.0 || ^1.0.0

  nanostores@1.0.1:
    resolution: {integrity: sha512-kNZ9xnoJYKg/AfxjrVL4SS0fKX++4awQReGqWnwTRHxeHGZ1FJFVgTqr/eMrNQdp0Tz7M7tG/TDaX8QfHDwVCw==}
    engines: {node: ^20.0.0 || >=22.0.0}

  typescript@5.9.3:
    resolution: {integrity: sha512-jl1vZzPDinLr9eUt3J/t7V6FgNEw9QjvBPdysz9KfQDD41fQrC2Y4vKQdiaUpFT4bXlb1RHhLpp8wtm6M5TgSw==}
    engines: {node: '>=14.17'}
    hasBin: true

snapshots:

  '@nanostores/persistent@1.2.0(nanostores@1.0.1)':
    dependencies:
      nanostores: 1.0.1

  nanostores@1.0.1: {}

  typescript@5.9.3: {}
